{
  "name": "empty-wasi",
  "version": "0.1.2",
  "lockfileVersion": 2,
  "requires": true,
  "packages": {
    "": {
      "name": "empty-wasi",
      "version": "0.1.2",
      "license": "MIT",
      "devDependencies": {
        "esbuild": "^0.12.28"
      }
    },
    "node_modules/esbuild": {
      "version": "0.12.28",
      "resolved": "https://registry.npmjs.org/esbuild/-/esbuild-0.12.28.tgz",
      "integrity": "sha512-pZ0FrWZXlvQOATlp14lRSk1N9GkeJ3vLIwOcUoo3ICQn9WNR4rWoNi81pbn6sC1iYUy7QPqNzI3+AEzokwyVcA==",
      "dev": true,
      "hasInstallScript": true,
      "bin": {
        "esbuild": "bin/esbuild"
      }
    }
  },
  "dependencies": {
    "esbuild": {
      "version": "0.12.28",
      "resolved": "https://registry.npmjs.org/esbuild/-/esbuild-0.12.28.tgz",
      "integrity": "sha512-pZ0FrWZXlvQOATlp14lRSk1N9GkeJ3vLIwOcUoo3ICQn9WNR4rWoNi81pbn6sC1iYUy7QPqNzI3+AEzokwyVcA==",
      "dev": true
    }
  }
}
